# THIS IS AN AUTOGENERATED FILE. DO NOT EDIT THIS FILE DIRECTLY.
# yarn lockfile v1


react-to-print@^3.0.5:
  version "3.0.5"
  resolved "https://registry.yarnpkg.com/react-to-print/-/react-to-print-3.0.5.tgz#7569f9ac5e7854dbec79f449501fedf28cda82ab"
  integrity sha512-Z15MwMOzYCHWi26CZeFNwflAg7Nr8uWD6FTj+EkfIOjYyjr0MXGbI0c7rF4Fgrbj3XG9hFndb1ourxpPz2RAiA==
